// !$*UTF8*$!
{
	archiveVersion = 1;
	classes = {
	};
	objectVersion = 77;
	objects = {

/* Begin PBXBuildFile section */
		4DC75A5F2FF2B814004FCD35 /* WidgetKit.framework in Frameworks */ = {isa = PBXBuildFile; fileRef = 4DC75A5E2FF2B814004FCD35 /* WidgetKit.framework */; };
		4DC75A612FF2B814004FCD35 /* SwiftUI.framework in Frameworks */ = {isa = PBXBuildFile; fileRef = 4DC75A602FF2B814004FCD35 /* SwiftUI.framework */; };
		4DC75A6E2FF2B816004FCD35 /* WorkTimeBalanceWidgetExtensionExtension.appex in Embed Foundation Extensions */ = {isa = PBXBuildFile; fileRef = 4DC75A5C2FF2B814004FCD35 /* WorkTimeBalanceWidgetExtensionExtension.appex */; settings = {ATTRIBUTES = (RemoveHeadersOnCopy, ); }; };
/* End PBXBuildFile section */

/* Begin PBXContainerItemProxy section */
		4D3E4E6D2FF134E400971DB5 /* PBXContainerItemProxy */ = {
			isa = PBXContainerItemProxy;
			containerPortal = 4D3E4E552FF134E200971DB5 /* Project object */;
			proxyType = 1;
			remoteGlobalIDString = 4D3E4E5C2FF134E200971DB5;
			remoteInfo = WorkTimeBalance;
		};
		4D3E4E772FF134E400971DB5 /* PBXContainerItemProxy */ = {
			isa = PBXContainerItemProxy;
			containerPortal = 4D3E4E552FF134E200971DB5 /* Project object */;
			proxyType = 1;
			remoteGlobalIDString = 4D3E4E5C2FF134E200971DB5;
			remoteInfo = WorkTimeBalance;
		};
		4DC75A6C2FF2B816004FCD35 /* PBXContainerItemProxy */ = {
			isa = PBXContainerItemProxy;
			containerPortal = 4D3E4E552FF134E200971DB5 /* Project object */;
			proxyType = 1;
			remoteGlobalIDString = 4DC75A5B2FF2B814004FCD35;
			remoteInfo = WorkTimeBalanceWidgetExtensionExtension;
		};
/* End PBXContainerItemProxy section */

/* Begin PBXCopyFilesBuildPhase section */
		4DC75A6F2FF2B816004FCD35 /* Embed Foundation Extensions */ = {
			isa = PBXCopyFilesBuildPhase;
			buildActionMask = 2147483647;
			dstPath = "";
			dstSubfolderSpec = 13;
			files = (
				4DC75A6E2FF2B816004FCD35 /* WorkTimeBalanceWidgetExtensionExtension.appex in Embed Foundation Extensions */,
			);
			name = "Embed Foundation Extensions";
			runOnlyForDeploymentPostprocessing = 0;
		};
/* End PBXCopyFilesBuildPhase section */

/* Begin PBXFileReference section */
		4D3E4E5D2FF134E200971DB5 /* WorkTimeBalance.app */ = {isa = PBXFileReference; explicitFileType = wrapper.application; includeInIndex = 0; path = WorkTimeBalance.app; sourceTree = BUILT_PRODUCTS_DIR; };
		4D3E4E6C2FF134E400971DB5 /* WorkTimeBalanceTests.xctest */ = {isa = PBXFileReference; explicitFileType = wrapper.cfbundle; includeInIndex = 0; path = WorkTimeBalanceTests.xctest; sourceTree = BUILT_PRODUCTS_DIR; };
		4D3E4E762FF134E400971DB5 /* WorkTimeBalanceUITests.xctest */ = {isa = PBXFileReference; explicitFileType = wrapper.cfbundle; includeInIndex = 0; path = WorkTimeBalanceUITests.xctest; sourceTree = BUILT_PRODUCTS_DIR; };
		4DC75A5C2FF2B814004FCD35 /* WorkTimeBalanceWidgetExtensionExtension.appex */ = {isa = PBXFileReference; explicitFileType = "wrapper.app-extension"; includeInIndex = 0; path = WorkTimeBalanceWidgetExtensionExtension.appex; sourceTree = BUILT_PRODUCTS_DIR; };
		4DC75A5E2FF2B814004FCD35 /* WidgetKit.framework */ = {isa = PBXFileReference; lastKnownFileType = wrapper.framework; name = WidgetKit.framework; path = System/Library/Frameworks/WidgetKit.framework; sourceTree = SDKROOT; };
		4DC75A602FF2B814004FCD35 /* SwiftUI.framework */ = {isa = PBXFileReference; lastKnownFileType = wrapper.framework; name = SwiftUI.framework; path = System/Library/Frameworks/SwiftUI.framework; sourceTree = SDKROOT; };
		4DC75A752FF2BA84004FCD35 /* WorkTimeBalanceWidgetExtensionExtension.entitlements */ = {isa = PBXFileReference; lastKnownFileType = text.plist.entitlements; path = WorkTimeBalanceWidgetExtensionExtension.entitlements; sourceTree = "<group>"; };
/* End PBXFileReference section */

/* Begin PBXFileSystemSynchronizedBuildFileExceptionSet section */
		4DC75A722FF2B816004FCD35 /* Exceptions for "WorkTimeBalanceWidgetExtension" folder in "WorkTimeBalanceWidgetExtensionExtension" target */ = {
			isa = PBXFileSystemSynchronizedBuildFileExceptionSet;
			membershipExceptions = (
				Info.plist,
			);
			target = 4DC75A5B2FF2B814004FCD35 /* WorkTimeBalanceWidgetExtensionExtension */;
		};
		4DC75A832FF2BDAE004FCD35 /* Exceptions for "WorkTimeBalance" folder in "WorkTimeBalanceWidgetExtensionExtension" target */ = {
			isa = PBXFileSystemSynchronizedBuildFileExceptionSet;
			membershipExceptions = (
				Item.swift,
				Shared/AppIntents/CheckInIntent.swift,
				Shared/AppIntents/CheckOutIntent.swift,
				Shared/Calculators/StatisticsCalculator.swift,
				Shared/Calculators/WorkTimeCalculator.swift,
				Shared/Helpers/WorkBalanceAppGroup.swift,
				Shared/Helpers/WorkBalanceDefaults.swift,
				Shared/Helpers/WorkBalanceWidgetKind.swift,
				Shared/Models/WorkDay.swift,
				Shared/Repository/WorkDayRepository.swift,
				Shared/Services/AppSettingsStore.swift,
				Shared/Services/WorkBalanceModelContainerFactory.swift,
				Shared/Services/WorkDayService.swift,
			);
			target = 4DC75A5B2FF2B814004FCD35 /* WorkTimeBalanceWidgetExtensionExtension */;
		};
/* End PBXFileSystemSynchronizedBuildFileExceptionSet section */

/* Begin PBXFileSystemSynchronizedRootGroup section */
		4D3E4E5F2FF134E200971DB5 /* WorkTimeBalance */ = {
			isa = PBXFileSystemSynchronizedRootGroup;
			exceptions = (
				4DC75A832FF2BDAE004FCD35 /* Exceptions for "WorkTimeBalance" folder in "WorkTimeBalanceWidgetExtensionExtension" target */,
			);
			path = WorkTimeBalance;
			sourceTree = "<group>";
		};
		4D3E4E6F2FF134E400971DB5 /* WorkTimeBalanceTests */ = {
			isa = PBXFileSystemSynchronizedRootGroup;
			path = WorkTimeBalanceTests;
			sourceTree = "<group>";
		};
		4D3E4E792FF134E400971DB5 /* WorkTimeBalanceUITests */ = {
			isa = PBXFileSystemSynchronizedRootGroup;
			path = WorkTimeBalanceUITests;
			sourceTree = "<group>";
		};
		4DC75A622FF2B814004FCD35 /* WorkTimeBalanceWidgetExtension */ = {
			isa = PBXFileSystemSynchronizedRootGroup;
			exceptions = (
				4DC75A722FF2B816004FCD35 /* Exceptions for "WorkTimeBalanceWidgetExtension" folder in "WorkTimeBalanceWidgetExtensionExtension" target */,
			);
			path = WorkTimeBalanceWidgetExtension;
			sourceTree = "<group>";
		};
/* End PBXFileSystemSynchronizedRootGroup section */

/* Begin PBXFrameworksBuildPhase section */
		4D3E4E5A2FF134E200971DB5 /* Frameworks */ = {
			isa = PBXFrameworksBuildPhase;
			buildActionMask = 2147483647;
			files = (
			);
			runOnlyForDeploymentPostprocessing = 0;
		};
		4D3E4E692FF134E400971DB5 /* Frameworks */ = {
			isa = PBXFrameworksBuildPhase;
			buildActionMask = 2147483647;
			files = (
			);
			runOnlyForDeploymentPostprocessing = 0;
		};
		4D3E4E732FF134E400971DB5 /* Frameworks */ = {
			isa = PBXFrameworksBuildPhase;
			buildActionMask = 2147483647;
			files = (
			);
			runOnlyForDeploymentPostprocessing = 0;
		};
		4DC75A592FF2B814004FCD35 /* Frameworks */ = {
			isa = PBXFrameworksBuildPhase;
			buildActionMask = 2147483647;
			files = (
				4DC75A612FF2B814004FCD35 /* SwiftUI.framework in Frameworks */,
				4DC75A5F2FF2B814004FCD35 /* WidgetKit.framework in Frameworks */,
			);
			runOnlyForDeploymentPostprocessing = 0;
		};
/* End PBXFrameworksBuildPhase section */

/* Begin PBXGroup section */
		4D3E4E542FF134E200971DB5 = {
			isa = PBXGroup;
			children = (
				4DC75A752FF2BA84004FCD35 /* WorkTimeBalanceWidgetExtensionExtension.entitlements */,
				4D3E4E5F2FF134E200971DB5 /* WorkTimeBalance */,
				4D3E4E6F2FF134E400971DB5 /* WorkTimeBalanceTests */,
				4D3E4E792FF134E400971DB5 /* WorkTimeBalanceUITests */,
				4DC75A622FF2B814004FCD35 /* WorkTimeBalanceWidgetExtension */,
				4DC75A5D2FF2B814004FCD35 /* Frameworks */,
				4D3E4E5E2FF134E200971DB5 /* Products */,
			);
			sourceTree = "<group>";
		};
		4D3E4E5E2FF134E200971DB5 /* Products */ = {
			isa = PBXGroup;
			children = (
				4D3E4E5D2FF134E200971DB5 /* WorkTimeBalance.app */,
				4D3E4E6C2FF134E400971DB5 /* WorkTimeBalanceTests.xctest */,
				4D3E4E762FF134E400971DB5 /* WorkTimeBalanceUITests.xctest */,
				4DC75A5C2FF2B814004FCD35 /* WorkTimeBalanceWidgetExtensionExtension.appex */,
			);
			name = Products;
			sourceTree = "<group>";
		};
		4DC75A5D2FF2B814004FCD35 /* Frameworks */ = {
			isa = PBXGroup;
			children = (
				4DC75A5E2FF2B814004FCD35 /* WidgetKit.framework */,
				4DC75A602FF2B814004FCD35 /* SwiftUI.framework */,
			);
			name = Frameworks;
			sourceTree = "<group>";
		};
/* End PBXGroup section */

/* Begin PBXNativeTarget section */
		4D3E4E5C2FF134E200971DB5 /* WorkTimeBalance */ = {
			isa = PBXNativeTarget;
			buildConfigurationList = 4D3E4E802FF134E400971DB5 /* Build configuration list for PBXNativeTarget "WorkTimeBalance" */;
			buildPhases = (
				4D3E4E592FF134E200971DB5 /* Sources */,
				4D3E4E5A2FF134E200971DB5 /* Frameworks */,
				4D3E4E5B2FF134E200971DB5 /* Resources */,
				4DC75A6F2FF2B816004FCD35 /* Embed Foundation Extensions */,
			);
			buildRules = (
			);
			dependencies = (
				4DC75A6D2FF2B816004FCD35 /* PBXTargetDependency */,
			);
			fileSystemSynchronizedGroups = (
				4D3E4E5F2FF134E200971DB5 /* WorkTimeBalance */,
			);
			name = WorkTimeBalance;
			packageProductDependencies = (
			);
			productName = WorkTimeBalance;
			productReference = 4D3E4E5D2FF134E200971DB5 /* WorkTimeBalance.app */;
			productType = "com.apple.product-type.application";
		};
		4D3E4E6B2FF134E400971DB5 /* WorkTimeBalanceTests */ = {
			isa = PBXNativeTarget;
			buildConfigurationList = 4D3E4E832FF134E400971DB5 /* Build configuration list for PBXNativeTarget "WorkTimeBalanceTests" */;
			buildPhases = (
				4D3E4E682FF134E400971DB5 /* Sources */,
				4D3E4E692FF134E400971DB5 /* Frameworks */,
				4D3E4E6A2FF134E400971DB5 /* Resources */,
			);
			buildRules = (
			);
			dependencies = (
				4D3E4E6E2FF134E400971DB5 /* PBXTargetDependency */,
			);
			fileSystemSynchronizedGroups = (
				4D3E4E6F2FF134E400971DB5 /* WorkTimeBalanceTests */,
			);
			name = WorkTimeBalanceTests;
			packageProductDependencies = (
			);
			productName = WorkTimeBalanceTests;
			productReference = 4D3E4E6C2FF134E400971DB5 /* WorkTimeBalanceTests.xctest */;
			productType = "com.apple.product-type.bundle.unit-test";
		};
		4D3E4E752FF134E400971DB5 /* WorkTimeBalanceUITests */ = {
			isa = PBXNativeTarget;
			buildConfigurationList = 4D3E4E862FF134E400971DB5 /* Build configuration list for PBXNativeTarget "WorkTimeBalanceUITests" */;
			buildPhases = (
				4D3E4E722FF134E400971DB5 /* Sources */,
				4D3E4E732FF134E400971DB5 /* Frameworks */,
				4D3E4E742FF134E400971DB5 /* Resources */,
			);
			buildRules = (
			);
			dependencies = (
				4D3E4E782FF134E400971DB5 /* PBXTargetDependency */,
			);
			fileSystemSynchronizedGroups = (
				4D3E4E792FF134E400971DB5 /* WorkTimeBalanceUITests */,
			);
			name = WorkTimeBalanceUITests;
			packageProductDependencies = (
			);
			productName = WorkTimeBalanceUITests;
			productReference = 4D3E4E762FF134E400971DB5 /* WorkTimeBalanceUITests.xctest */;
			productType = "com.apple.product-type.bundle.ui-testing";
		};
		4DC75A5B2FF2B814004FCD35 /* WorkTimeBalanceWidgetExtensionExtension */ = {
			isa = PBXNativeTarget;
			buildConfigurationList = 4DC75A732FF2B816004FCD35 /* Build configuration list for PBXNativeTarget "WorkTimeBalanceWidgetExtensionExtension" */;
			buildPhases = (
				4DC75A582FF2B814004FCD35 /* Sources */,
				4DC75A592FF2B814004FCD35 /* Frameworks */,
				4DC75A5A2FF2B814004FCD35 /* Resources */,
			);
			buildRules = (
			);
			dependencies = (
			);
			fileSystemSynchronizedGroups = (
				4DC75A622FF2B814004FCD35 /* WorkTimeBalanceWidgetExtension */,
			);
			name = WorkTimeBalanceWidgetExtensionExtension;
			packageProductDependencies = (
			);
			productName = WorkTimeBalanceWidgetExtensionExtension;
			productReference = 4DC75A5C2FF2B814004FCD35 /* WorkTimeBalanceWidgetExtensionExtension.appex */;
			productType = "com.apple.product-type.app-extension";
		};
/* End PBXNativeTarget section */

/* Begin PBXProject section */
		4D3E4E552FF134E200971DB5 /* Project object */ = {
			isa = PBXProject;
			attributes = {
				BuildIndependentTargetsInParallel = 1;
				LastSwiftUpdateCheck = 2650;
				LastUpgradeCheck = 2650;
				TargetAttributes = {
					4D3E4E5C2FF134E200971DB5 = {
						CreatedOnToolsVersion = 26.5;
					};
					4D3E4E6B2FF134E400971DB5 = {
						CreatedOnToolsVersion = 26.5;
						TestTargetID = 4D3E4E5C2FF134E200971DB5;
					};
					4D3E4E752FF134E400971DB5 = {
						CreatedOnToolsVersion = 26.5;
						TestTargetID = 4D3E4E5C2FF134E200971DB5;
					};
					4DC75A5B2FF2B814004FCD35 = {
						CreatedOnToolsVersion = 26.5;
					};
				};
			};
			buildConfigurationList = 4D3E4E582FF134E200971DB5 /* Build configuration list for PBXProject "WorkTimeBalance" */;
			developmentRegion = en;
			hasScannedForEncodings = 0;
			knownRegions = (
				en,
				Base,
			);
			mainGroup = 4D3E4E542FF134E200971DB5;
			minimizedProjectReferenceProxies = 1;
			preferredProjectObjectVersion = 77;
			productRefGroup = 4D3E4E5E2FF134E200971DB5 /* Products */;
			projectDirPath = "";
			projectRoot = "";
			targets = (
				4D3E4E5C2FF134E200971DB5 /* WorkTimeBalance */,
				4DC75A5B2FF2B814004FCD35 /* WorkTimeBalanceWidgetExtensionExtension */,
				4D3E4E6B2FF134E400971DB5 /* WorkTimeBalanceTests */,
				4D3E4E752FF134E400971DB5 /* WorkTimeBalanceUITests */,
			);
		};
/* End PBXProject section */

/* Begin PBXResourcesBuildPhase section */
		4D3E4E5B2FF134E200971DB5 /* Resources */ = {
			isa = PBXResourcesBuildPhase;
			buildActionMask = 2147483647;
			files = (
			);
			runOnlyForDeploymentPostprocessing = 0;
		};
		4D3E4E6A2FF134E400971DB5 /* Resources */ = {
			isa = PBXResourcesBuildPhase;
			buildActionMask = 2147483647;
			files = (
			);
			runOnlyForDeploymentPostprocessing = 0;
		};
		4D3E4E742FF134E400971DB5 /* Resources */ = {
			isa = PBXResourcesBuildPhase;
			buildActionMask = 2147483647;
			files = (
			);
			runOnlyForDeploymentPostprocessing = 0;
		};
		4DC75A5A2FF2B814004FCD35 /* Resources */ = {
			isa = PBXResourcesBuildPhase;
			buildActionMask = 2147483647;
			files = (
			);
			runOnlyForDeploymentPostprocessing = 0;
		};
/* End PBXResourcesBuildPhase section */

/* Begin PBXSourcesBuildPhase section */
		4D3E4E592FF134E200971DB5 /* Sources */ = {
			isa = PBXSourcesBuildPhase;
			buildActionMask = 2147483647;
			files = (
			);
			runOnlyForDeploymentPostprocessing = 0;
		};
		4D3E4E682FF134E400971DB5 /* Sources */ = {
			isa = PBXSourcesBuildPhase;
			buildActionMask = 2147483647;
			files = (
			);
			runOnlyForDeploymentPostprocessing = 0;
		};
		4D3E4E722FF134E400971DB5 /* Sources */ = {
			isa = PBXSourcesBuildPhase;
			buildActionMask = 2147483647;
			files = (
			);
			runOnlyForDeploymentPostprocessing = 0;
		};
		4DC75A582FF2B814004FCD35 /* Sources */ = {
			isa = PBXSourcesBuildPhase;
			buildActionMask = 2147483647;
			files = (
			);
			runOnlyForDeploymentPostprocessing = 0;
		};
/* End PBXSourcesBuildPhase section */

/* Begin PBXTargetDependency section */
		4D3E4E6E2FF134E400971DB5 /* PBXTargetDependency */ = {
			isa = PBXTargetDependency;
			target = 4D3E4E5C2FF134E200971DB5 /* WorkTimeBalance */;
			targetProxy = 4D3E4E6D2FF134E400971DB5 /* PBXContainerItemProxy */;
		};
		4D3E4E782FF134E400971DB5 /* PBXTargetDependency */ = {
			isa = PBXTargetDependency;
			target = 4D3E4E5C2FF134E200971DB5 /* WorkTimeBalance */;
			targetProxy = 4D3E4E772FF134E400971DB5 /* PBXContainerItemProxy */;
		};
		4DC75A6D2FF2B816004FCD35 /* PBXTargetDependency */ = {
			isa = PBXTargetDependency;
			target = 4DC75A5B2FF2B814004FCD35 /* WorkTimeBalanceWidgetExtensionExtension */;
			targetProxy = 4DC75A6C2FF2B816004FCD35 /* PBXContainerItemProxy */;
		};
/* End PBXTargetDependency section */

/* Begin XCBuildConfiguration section */
		4D3E4E7E2FF134E400971DB5 /* Debug */ = {
			isa = XCBuildConfiguration;
			buildSettings = {
				ALWAYS_SEARCH_USER_PATHS = NO;
				ASSETCATALOG_COMPILER_GENERATE_SWIFT_ASSET_SYMBOL_EXTENSIONS = YES;
				CLANG_ANALYZER_NONNULL = YES;
				CLANG_ANALYZER_NUMBER_OBJECT_CONVERSION = YES_AGGRESSIVE;
				CLANG_CXX_LANGUAGE_STANDARD = "gnu++20";
				CLANG_ENABLE_MODULES = YES;
				CLANG_ENABLE_OBJC_ARC = YES;
				CLANG_ENABLE_OBJC_WEAK = YES;
				CLANG_WARN_BLOCK_CAPTURE_AUTORELEASING = YES;
				CLANG_WARN_BOOL_CONVERSION = YES;
				CLANG_WARN_COMMA = YES;
				CLANG_WARN_CONSTANT_CONVERSION = YES;
				CLANG_WARN_DEPRECATED_OBJC_IMPLEMENTATIONS = YES;
				CLANG_WARN_DIRECT_OBJC_ISA_USAGE = YES_ERROR;
				CLANG_WARN_DOCUMENTATION_COMMENTS = YES;
				CLANG_WARN_EMPTY_BODY = YES;
				CLANG_WARN_ENUM_CONVERSION = YES;
				CLANG_WARN_INFINITE_RECURSION = YES;
				CLANG_WARN_INT_CONVERSION = YES;
				CLANG_WARN_NON_LITERAL_NULL_CONVERSION = YES;
				CLANG_WARN_OBJC_IMPLICIT_RETAIN_SELF = YES;
				CLANG_WARN_OBJC_LITERAL_CONVERSION = YES;
				CLANG_WARN_OBJC_ROOT_CLASS = YES_ERROR;
				CLANG_WARN_QUOTED_INCLUDE_IN_FRAMEWORK_HEADER = YES;
				CLANG_WARN_RANGE_LOOP_ANALYSIS = YES;
				CLANG_WARN_STRICT_PROTOTYPES = YES;
				CLANG_WARN_SUSPICIOUS_MOVE = YES;
				CLANG_WARN_UNGUARDED_AVAILABILITY = YES_AGGRESSIVE;
				CLANG_WARN_UNREACHABLE_CODE = YES;
				CLANG_WARN__DUPLICATE_METHOD_MATCH = YES;
				COPY_PHASE_STRIP = NO;
				DEBUG_INFORMATION_FORMAT = dwarf;
				DEVELOPMENT_TEAM = PJ622VWA6H;
				ENABLE_STRICT_OBJC_MSGSEND = YES;
				ENABLE_TESTABILITY = YES;
				ENABLE_USER_SCRIPT_SANDBOXING = YES;
				GCC_C_LANGUAGE_STANDARD = gnu17;
				GCC_DYNAMIC_NO_PIC = NO;
				GCC_NO_COMMON_BLOCKS = YES;
				GCC_OPTIMIZATION_LEVEL = 0;
				GCC_PREPROCESSOR_DEFINITIONS = (
					"DEBUG=1",
					"$(inherited)",
				);
				GCC_WARN_64_TO_32_BIT_CONVERSION = YES;
				GCC_WARN_ABOUT_RETURN_TYPE = YES_ERROR;
				GCC_WARN_UNDECLARED_SELECTOR = YES;
				GCC_WARN_UNINITIALIZED_AUTOS = YES_AGGRESSIVE;
				GCC_WARN_UNUSED_FUNCTION = YES;
				GCC_WARN_UNUSED_VARIABLE = YES;
				LOCALIZATION_PREFERS_STRING_CATALOGS = YES;
				MTL_ENABLE_DEBUG_INFO = INCLUDE_SOURCE;
				MTL_FAST_MATH = YES;
				ONLY_ACTIVE_ARCH = YES;
				SWIFT_ACTIVE_COMPILATION_CONDITIONS = "DEBUG $(inherited)";
				SWIFT_OPTIMIZATION_LEVEL = "-Onone";
			};
			name = Debug;
		};
		4D3E4E7F2FF134E400971DB5 /* Release */ = {
			isa = XCBuildConfiguration;
			buildSettings = {
				ALWAYS_SEARCH_USER_PATHS = NO;
				ASSETCATALOG_COMPILER_GENERATE_SWIFT_ASSET_SYMBOL_EXTENSIONS = YES;
				CLANG_ANALYZER_NONNULL = YES;
				CLANG_ANALYZER_NUMBER_OBJECT_CONVERSION = YES_AGGRESSIVE;
				CLANG_CXX_LANGUAGE_STANDARD = "gnu++20";
				CLANG_ENABLE_MODULES = YES;
				CLANG_ENABLE_OBJC_ARC = YES;
				CLANG_ENABLE_OBJC_WEAK = YES;
				CLANG_WARN_BLOCK_CAPTURE_AUTORELEASING = YES;
				CLANG_WARN_BOOL_CONVERSION = YES;
				CLANG_WARN_COMMA = YES;
				CLANG_WARN_CONSTANT_CONVERSION = YES;
				CLANG_WARN_DEPRECATED_OBJC_IMPLEMENTATIONS = YES;
				CLANG_WARN_DIRECT_OBJC_ISA_USAGE = YES_ERROR;
				CLANG_WARN_DOCUMENTATION_COMMENTS = YES;
				CLANG_WARN_EMPTY_BODY = YES;
				CLANG_WARN_ENUM_CONVERSION = YES;
				CLANG_WARN_INFINITE_RECURSION = YES;
				CLANG_WARN_INT_CONVERSION = YES;
				CLANG_WARN_NON_LITERAL_NULL_CONVERSION = YES;
				CLANG_WARN_OBJC_IMPLICIT_RETAIN_SELF = YES;
				CLANG_WARN_OBJC_LITERAL_CONVERSION = YES;
				CLANG_WARN_OBJC_ROOT_CLASS = YES_ERROR;
				CLANG_WARN_QUOTED_INCLUDE_IN_FRAMEWORK_HEADER = YES;
				CLANG_WARN_RANGE_LOOP_ANALYSIS = YES;
				CLANG_WARN_STRICT_PROTOTYPES = YES;
				CLANG_WARN_SUSPICIOUS_MOVE = YES;
				CLANG_WARN_UNGUARDED_AVAILABILITY = YES_AGGRESSIVE;
				CLANG_WARN_UNREACHABLE_CODE = YES;
				CLANG_WARN__DUPLICATE_METHOD_MATCH = YES;
				COPY_PHASE_STRIP = NO;
				DEBUG_INFORMATION_FORMAT = "dwarf-with-dsym";
				DEVELOPMENT_TEAM = PJ622VWA6H;
				ENABLE_NS_ASSERTIONS = NO;
				ENABLE_STRICT_OBJC_MSGSEND = YES;
				ENABLE_USER_SCRIPT_SANDBOXING = YES;
				GCC_C_LANGUAGE_STANDARD = gnu17;
				GCC_NO_COMMON_BLOCKS = YES;
				GCC_WARN_64_TO_32_BIT_CONVERSION = YES;
				GCC_WARN_ABOUT_RETURN_TYPE = YES_ERROR;
				GCC_WARN_UNDECLARED_SELECTOR = YES;
				GCC_WARN_UNINITIALIZED_AUTOS = YES_AGGRESSIVE;
				GCC_WARN_UNUSED_FUNCTION = YES;
				GCC_WARN_UNUSED_VARIABLE = YES;
				LOCALIZATION_PREFERS_STRING_CATALOGS = YES;
				MTL_ENABLE_DEBUG_INFO = NO;
				MTL_FAST_MATH = YES;
				SWIFT_COMPILATION_MODE = wholemodule;
			};
			name = Release;
		};
		4D3E4E812FF134E400971DB5 /* Debug */ = {
			isa = XCBuildConfiguration;
			buildSettings = {
				ASSETCATALOG_COMPILER_APPICON_NAME = AppIcon;
				ASSETCATALOG_COMPILER_GLOBAL_ACCENT_COLOR_NAME = AccentColor;
				CODE_SIGN_ENTITLEMENTS = WorkTimeBalance/WorkTimeBalance.entitlements;
				CODE_SIGN_STYLE = Automatic;
				CURRENT_PROJECT_VERSION = 1;
				DEVELOPMENT_TEAM = PJ622VWA6H;
				ENABLE_APP_SANDBOX = YES;
				ENABLE_HARDENED_RUNTIME = YES;
				ENABLE_PREVIEWS = YES;
				ENABLE_USER_SELECTED_FILES = readonly;
				GENERATE_INFOPLIST_FILE = YES;
				"INFOPLIST_KEY_UIApplicationSceneManifest_Generation[sdk=iphoneos*]" = YES;
				"INFOPLIST_KEY_UIApplicationSceneManifest_Generation[sdk=iphonesimulator*]" = YES;
				"INFOPLIST_KEY_UIApplicationSupportsIndirectInputEvents[sdk=iphoneos*]" = YES;
				"INFOPLIST_KEY_UIApplicationSupportsIndirectInputEvents[sdk=iphonesimulator*]" = YES;
				"INFOPLIST_KEY_UILaunchScreen_Generation[sdk=iphoneos*]" = YES;
				"INFOPLIST_KEY_UILaunchScreen_Generation[sdk=iphonesimulator*]" = YES;
				"INFOPLIST_KEY_UIStatusBarStyle[sdk=iphoneos*]" = UIStatusBarStyleDefault;
				"INFOPLIST_KEY_UIStatusBarStyle[sdk=iphonesimulator*]" = UIStatusBarStyleDefault;
				INFOPLIST_KEY_UISupportedInterfaceOrientations_iPad = "UIInterfaceOrientationPortrait UIInterfaceOrientationPortraitUpsideDown UIInterfaceOrientationLandscapeLeft UIInterfaceOrientationLandscapeRight";
				INFOPLIST_KEY_UISupportedInterfaceOrientations_iPhone = "UIInterfaceOrientationPortrait UIInterfaceOrientationLandscapeLeft UIInterfaceOrientationLandscapeRight";
				IPHONEOS_DEPLOYMENT_TARGET = 26.0;
				LD_RUNPATH_SEARCH_PATHS = "@executable_path/Frameworks";
				"LD_RUNPATH_SEARCH_PATHS[sdk=macosx*]" = "@executable_path/../Frameworks";
				MACOSX_DEPLOYMENT_TARGET = 26.0;
				MARKETING_VERSION = 1.0;
				PRODUCT_BUNDLE_IDENTIFIER = vondrakmark.WorkTimeBalance;
				PRODUCT_NAME = "$(TARGET_NAME)";
				REGISTER_APP_GROUPS = YES;
				SDKROOT = auto;
				STRING_CATALOG_GENERATE_SYMBOLS = YES;
				SUPPORTED_PLATFORMS = "iphoneos iphonesimulator macosx xros xrsimulator";
				SWIFT_APPROACHABLE_CONCURRENCY = YES;
				SWIFT_DEFAULT_ACTOR_ISOLATION = MainActor;
				SWIFT_EMIT_LOC_STRINGS = YES;
				SWIFT_UPCOMING_FEATURE_MEMBER_IMPORT_VISIBILITY = YES;
				SWIFT_VERSION = 5.0;
				TARGETED_DEVICE_FAMILY = "1,2,7";
				XROS_DEPLOYMENT_TARGET = 26.0;
			};
			name = Debug;
		};
		4D3E4E822FF134E400971DB5 /* Release */ = {
			isa = XCBuildConfiguration;
			buildSettings = {
				ASSETCATALOG_COMPILER_APPICON_NAME = AppIcon;
				ASSETCATALOG_COMPILER_GLOBAL_ACCENT_COLOR_NAME = AccentColor;
				CODE_SIGN_ENTITLEMENTS = WorkTimeBalance/WorkTimeBalance.entitlements;
				CODE_SIGN_STYLE = Automatic;
				CURRENT_PROJECT_VERSION = 1;
				DEVELOPMENT_TEAM = PJ622VWA6H;
				ENABLE_APP_SANDBOX = YES;
				ENABLE_HARDENED_RUNTIME = YES;
				ENABLE_PREVIEWS = YES;
				ENABLE_USER_SELECTED_FILES = readonly;
				GENERATE_INFOPLIST_FILE = YES;
				"INFOPLIST_KEY_UIApplicationSceneManifest_Generation[sdk=iphoneos*]" = YES;
				"INFOPLIST_KEY_UIApplicationSceneManifest_Generation[sdk=iphonesimulator*]" = YES;
				"INFOPLIST_KEY_UIApplicationSupportsIndirectInputEvents[sdk=iphoneos*]" = YES;
				"INFOPLIST_KEY_UIApplicationSupportsIndirectInputEvents[sdk=iphonesimulator*]" = YES;
				"INFOPLIST_KEY_UILaunchScreen_Generation[sdk=iphoneos*]" = YES;
				"INFOPLIST_KEY_UILaunchScreen_Generation[sdk=iphonesimulator*]" = YES;
				"INFOPLIST_KEY_UIStatusBarStyle[sdk=iphoneos*]" = UIStatusBarStyleDefault;
				"INFOPLIST_KEY_UIStatusBarStyle[sdk=iphonesimulator*]" = UIStatusBarStyleDefault;
				INFOPLIST_KEY_UISupportedInterfaceOrientations_iPad = "UIInterfaceOrientationPortrait UIInterfaceOrientationPortraitUpsideDown UIInterfaceOrientationLandscapeLeft UIInterfaceOrientationLandscapeRight";
				INFOPLIST_KEY_UISupportedInterfaceOrientations_iPhone = "UIInterfaceOrientationPortrait UIInterfaceOrientationLandscapeLeft UIInterfaceOrientationLandscapeRight";
				IPHONEOS_DEPLOYMENT_TARGET = 26.0;
				LD_RUNPATH_SEARCH_PATHS = "@executable_path/Frameworks";
				"LD_RUNPATH_SEARCH_PATHS[sdk=macosx*]" = "@executable_path/../Frameworks";
				MACOSX_DEPLOYMENT_TARGET = 26.0;
				MARKETING_VERSION = 1.0;
				PRODUCT_BUNDLE_IDENTIFIER = vondrakmark.WorkTimeBalance;
				PRODUCT_NAME = "$(TARGET_NAME)";
				REGISTER_APP_GROUPS = YES;
				SDKROOT = auto;
				STRING_CATALOG_GENERATE_SYMBOLS = YES;
				SUPPORTED_PLATFORMS = "iphoneos iphonesimulator macosx xros xrsimulator";
				SWIFT_APPROACHABLE_CONCURRENCY = YES;
				SWIFT_DEFAULT_ACTOR_ISOLATION = MainActor;
				SWIFT_EMIT_LOC_STRINGS = YES;
				SWIFT_UPCOMING_FEATURE_MEMBER_IMPORT_VISIBILITY = YES;
				SWIFT_VERSION = 5.0;
				TARGETED_DEVICE_FAMILY = "1,2,7";
				XROS_DEPLOYMENT_TARGET = 26.0;
			};
			name = Release;
		};
		4D3E4E842FF134E400971DB5 /* Debug */ = {
			isa = XCBuildConfiguration;
			buildSettings = {
				BUNDLE_LOADER = "$(TEST_HOST)";
				CODE_SIGN_STYLE = Automatic;
				CURRENT_PROJECT_VERSION = 1;
				DEVELOPMENT_TEAM = PJ622VWA6H;
				GENERATE_INFOPLIST_FILE = YES;
				IPHONEOS_DEPLOYMENT_TARGET = 26.5;
				MACOSX_DEPLOYMENT_TARGET = 26.5;
				MARKETING_VERSION = 1.0;
				PRODUCT_BUNDLE_IDENTIFIER = vondrakmark.WorkTimeBalanceTests;
				PRODUCT_NAME = "$(TARGET_NAME)";
				SDKROOT = auto;
				STRING_CATALOG_GENERATE_SYMBOLS = NO;
				SUPPORTED_PLATFORMS = "iphoneos iphonesimulator macosx xros xrsimulator";
				SWIFT_APPROACHABLE_CONCURRENCY = YES;
				SWIFT_EMIT_LOC_STRINGS = NO;
				SWIFT_UPCOMING_FEATURE_MEMBER_IMPORT_VISIBILITY = YES;
				SWIFT_VERSION = 5.0;
				TARGETED_DEVICE_FAMILY = "1,2,7";
				TEST_HOST = "$(BUILT_PRODUCTS_DIR)/WorkTimeBalance.app/$(BUNDLE_EXECUTABLE_FOLDER_PATH)/WorkTimeBalance";
				XROS_DEPLOYMENT_TARGET = 26.5;
			};
			name = Debug;
		};
		4D3E4E852FF134E400971DB5 /* Release */ = {
			isa = XCBuildConfiguration;
			buildSettings = {
				BUNDLE_LOADER = "$(TEST_HOST)";
				CODE_SIGN_STYLE = Automatic;
				CURRENT_PROJECT_VERSION = 1;
				DEVELOPMENT_TEAM = PJ622VWA6H;
				GENERATE_INFOPLIST_FILE = YES;
				IPHONEOS_DEPLOYMENT_TARGET = 26.5;
				MACOSX_DEPLOYMENT_TARGET = 26.5;
				MARKETING_VERSION = 1.0;
				PRODUCT_BUNDLE_IDENTIFIER = vondrakmark.WorkTimeBalanceTests;
				PRODUCT_NAME = "$(TARGET_NAME)";
				SDKROOT = auto;
				STRING_CATALOG_GENERATE_SYMBOLS = NO;
				SUPPORTED_PLATFORMS = "iphoneos iphonesimulator macosx xros xrsimulator";
				SWIFT_APPROACHABLE_CONCURRENCY = YES;
				SWIFT_EMIT_LOC_STRINGS = NO;
				SWIFT_UPCOMING_FEATURE_MEMBER_IMPORT_VISIBILITY = YES;
				SWIFT_VERSION = 5.0;
				TARGETED_DEVICE_FAMILY = "1,2,7";
				TEST_HOST = "$(BUILT_PRODUCTS_DIR)/WorkTimeBalance.app/$(BUNDLE_EXECUTABLE_FOLDER_PATH)/WorkTimeBalance";
				XROS_DEPLOYMENT_TARGET = 26.5;
			};
			name = Release;
		};
		4D3E4E872FF134E400971DB5 /* Debug */ = {
			isa = XCBuildConfiguration;
			buildSettings = {
				CODE_SIGN_STYLE = Automatic;
				CURRENT_PROJECT_VERSION = 1;
				DEVELOPMENT_TEAM = PJ622VWA6H;
				GENERATE_INFOPLIST_FILE = YES;
				IPHONEOS_DEPLOYMENT_TARGET = 26.5;
				MACOSX_DEPLOYMENT_TARGET = 26.5;
				MARKETING_VERSION = 1.0;
				PRODUCT_BUNDLE_IDENTIFIER = vondrakmark.WorkTimeBalanceUITests;
				PRODUCT_NAME = "$(TARGET_NAME)";
				SDKROOT = auto;
				STRING_CATALOG_GENERATE_SYMBOLS = NO;
				SUPPORTED_PLATFORMS = "iphoneos iphonesimulator macosx xros xrsimulator";
				SWIFT_APPROACHABLE_CONCURRENCY = YES;
				SWIFT_EMIT_LOC_STRINGS = NO;
				SWIFT_UPCOMING_FEATURE_MEMBER_IMPORT_VISIBILITY = YES;
				SWIFT_VERSION = 5.0;
				TARGETED_DEVICE_FAMILY = "1,2,7";
				TEST_TARGET_NAME = WorkTimeBalance;
				XROS_DEPLOYMENT_TARGET = 26.5;
			};
			name = Debug;
		};
		4D3E4E882FF134E400971DB5 /* Release */ = {
			isa = XCBuildConfiguration;
			buildSettings = {
				CODE_SIGN_STYLE = Automatic;
				CURRENT_PROJECT_VERSION = 1;
				DEVELOPMENT_TEAM = PJ622VWA6H;
				GENERATE_INFOPLIST_FILE = YES;
				IPHONEOS_DEPLOYMENT_TARGET = 26.5;
				MACOSX_DEPLOYMENT_TARGET = 26.5;
				MARKETING_VERSION = 1.0;
				PRODUCT_BUNDLE_IDENTIFIER = vondrakmark.WorkTimeBalanceUITests;
				PRODUCT_NAME = "$(TARGET_NAME)";
				SDKROOT = auto;
				STRING_CATALOG_GENERATE_SYMBOLS = NO;
				SUPPORTED_PLATFORMS = "iphoneos iphonesimulator macosx xros xrsimulator";
				SWIFT_APPROACHABLE_CONCURRENCY = YES;
				SWIFT_EMIT_LOC_STRINGS = NO;
				SWIFT_UPCOMING_FEATURE_MEMBER_IMPORT_VISIBILITY = YES;
				SWIFT_VERSION = 5.0;
				TARGETED_DEVICE_FAMILY = "1,2,7";
				TEST_TARGET_NAME = WorkTimeBalance;
				XROS_DEPLOYMENT_TARGET = 26.5;
			};
			name = Release;
		};
		4DC75A702FF2B816004FCD35 /* Debug */ = {
			isa = XCBuildConfiguration;
			buildSettings = {
				ASSETCATALOG_COMPILER_GLOBAL_ACCENT_COLOR_NAME = AccentColor;
				ASSETCATALOG_COMPILER_WIDGET_BACKGROUND_COLOR_NAME = WidgetBackground;
				CODE_SIGN_ENTITLEMENTS = WorkTimeBalanceWidgetExtensionExtension.entitlements;
				CODE_SIGN_STYLE = Automatic;
				CURRENT_PROJECT_VERSION = 1;
				DEVELOPMENT_TEAM = PJ622VWA6H;
				ENABLE_APP_SANDBOX = YES;
				ENABLE_HARDENED_RUNTIME = YES;
				ENABLE_OUTGOING_NETWORK_CONNECTIONS = YES;
				GENERATE_INFOPLIST_FILE = YES;
				INFOPLIST_FILE = WorkTimeBalanceWidgetExtension/Info.plist;
				INFOPLIST_KEY_CFBundleDisplayName = WorkTimeBalanceWidgetExtension;
				INFOPLIST_KEY_NSHumanReadableCopyright = "";
				IPHONEOS_DEPLOYMENT_TARGET = 26.0;
				LD_RUNPATH_SEARCH_PATHS = (
					"$(inherited)",
					"@executable_path/Frameworks",
					"@executable_path/../../Frameworks",
				);
				MACOSX_DEPLOYMENT_TARGET = 26.0;
				MARKETING_VERSION = 1.0;
				PRODUCT_BUNDLE_IDENTIFIER = vondrakmark.WorkTimeBalance.WorkTimeBalanceWidgetExtension;
				PRODUCT_NAME = "$(TARGET_NAME)";
				REGISTER_APP_GROUPS = YES;
				SDKROOT = xros;
				SKIP_INSTALL = YES;
				STRING_CATALOG_GENERATE_SYMBOLS = YES;
				SUPPORTED_PLATFORMS = "iphoneos iphonesimulator macosx watchos watchsimulator xros xrsimulator";
				SUPPORTS_MACCATALYST = NO;
				SWIFT_APPROACHABLE_CONCURRENCY = YES;
				SWIFT_EMIT_LOC_STRINGS = YES;
				SWIFT_UPCOMING_FEATURE_MEMBER_IMPORT_VISIBILITY = YES;
				SWIFT_VERSION = 5.0;
				TARGETED_DEVICE_FAMILY = "1,2,4,7";
				WATCHOS_DEPLOYMENT_TARGET = 26.0;
				XROS_DEPLOYMENT_TARGET = 26.0;
			};
			name = Debug;
		};
		4DC75A712FF2B816004FCD35 /* Release */ = {
			isa = XCBuildConfiguration;
			buildSettings = {
				ASSETCATALOG_COMPILER_GLOBAL_ACCENT_COLOR_NAME = AccentColor;
				ASSETCATALOG_COMPILER_WIDGET_BACKGROUND_COLOR_NAME = WidgetBackground;
				CODE_SIGN_ENTITLEMENTS = WorkTimeBalanceWidgetExtensionExtension.entitlements;
				CODE_SIGN_STYLE = Automatic;
				CURRENT_PROJECT_VERSION = 1;
				DEVELOPMENT_TEAM = PJ622VWA6H;
				ENABLE_APP_SANDBOX = YES;
				ENABLE_HARDENED_RUNTIME = YES;
				ENABLE_OUTGOING_NETWORK_CONNECTIONS = YES;
				GENERATE_INFOPLIST_FILE = YES;
				INFOPLIST_FILE = WorkTimeBalanceWidgetExtension/Info.plist;
				INFOPLIST_KEY_CFBundleDisplayName = WorkTimeBalanceWidgetExtension;
				INFOPLIST_KEY_NSHumanReadableCopyright = "";
				IPHONEOS_DEPLOYMENT_TARGET = 26.0;
				LD_RUNPATH_SEARCH_PATHS = (
					"$(inherited)",
					"@executable_path/Frameworks",
					"@executable_path/../../Frameworks",
				);
				MACOSX_DEPLOYMENT_TARGET = 26.0;
				MARKETING_VERSION = 1.0;
				PRODUCT_BUNDLE_IDENTIFIER = vondrakmark.WorkTimeBalance.WorkTimeBalanceWidgetExtension;
				PRODUCT_NAME = "$(TARGET_NAME)";
				REGISTER_APP_GROUPS = YES;
				SDKROOT = xros;
				SKIP_INSTALL = YES;
				STRING_CATALOG_GENERATE_SYMBOLS = YES;
				SUPPORTED_PLATFORMS = "iphoneos iphonesimulator macosx watchos watchsimulator xros xrsimulator";
				SUPPORTS_MACCATALYST = NO;
				SWIFT_APPROACHABLE_CONCURRENCY = YES;
				SWIFT_EMIT_LOC_STRINGS = YES;
				SWIFT_UPCOMING_FEATURE_MEMBER_IMPORT_VISIBILITY = YES;
				SWIFT_VERSION = 5.0;
				TARGETED_DEVICE_FAMILY = "1,2,4,7";
				VALIDATE_PRODUCT = YES;
				WATCHOS_DEPLOYMENT_TARGET = 26.0;
				XROS_DEPLOYMENT_TARGET = 26.0;
			};
			name = Release;
		};
/* End XCBuildConfiguration section */

/* Begin XCConfigurationList section */
		4D3E4E582FF134E200971DB5 /* Build configuration list for PBXProject "WorkTimeBalance" */ = {
			isa = XCConfigurationList;
			buildConfigurations = (
				4D3E4E7E2FF134E400971DB5 /* Debug */,
				4D3E4E7F2FF134E400971DB5 /* Release */,
			);
			defaultConfigurationIsVisible = 0;
			defaultConfigurationName = Release;
		};
		4D3E4E802FF134E400971DB5 /* Build configuration list for PBXNativeTarget "WorkTimeBalance" */ = {
			isa = XCConfigurationList;
			buildConfigurations = (
				4D3E4E812FF134E400971DB5 /* Debug */,
				4D3E4E822FF134E400971DB5 /* Release */,
			);
			defaultConfigurationIsVisible = 0;
			defaultConfigurationName = Release;
		};
		4D3E4E832FF134E400971DB5 /* Build configuration list for PBXNativeTarget "WorkTimeBalanceTests" */ = {
			isa = XCConfigurationList;
			buildConfigurations = (
				4D3E4E842FF134E400971DB5 /* Debug */,
				4D3E4E852FF134E400971DB5 /* Release */,
			);
			defaultConfigurationIsVisible = 0;
			defaultConfigurationName = Release;
		};
		4D3E4E862FF134E400971DB5 /* Build configuration list for PBXNativeTarget "WorkTimeBalanceUITests" */ = {
			isa = XCConfigurationList;
			buildConfigurations = (
				4D3E4E872FF134E400971DB5 /* Debug */,
				4D3E4E882FF134E400971DB5 /* Release */,
			);
			defaultConfigurationIsVisible = 0;
			defaultConfigurationName = Release;
		};
		4DC75A732FF2B816004FCD35 /* Build configuration list for PBXNativeTarget "WorkTimeBalanceWidgetExtensionExtension" */ = {
			isa = XCConfigurationList;
			buildConfigurations = (
				4DC75A702FF2B816004FCD35 /* Debug */,
				4DC75A712FF2B816004FCD35 /* Release */,
			);
			defaultConfigurationIsVisible = 0;
			defaultConfigurationName = Release;
		};
/* End XCConfigurationList section */
	};
	rootObject = 4D3E4E552FF134E200971DB5 /* Project object */;
}
